
Microsoft Visual Studio Solution File, Format Version 11.00
# Visual Studio 2010
Project("{8BC9CEB8-8B4A-11D0-8D11-00A0C91BC942}") = "lda", "lda\lda.vcxproj", "{6D2608A6-3EBE-4243-8281-B5936F6D9704}"
EndProject
Project("{8BC9CEB8-8B4A-11D0-8D11-00A0C91BC942}") = "topics", "topics\topics.vcxproj", "{AEBE954D-0E5A-4ECC-BBB7-C8CD94A3408B}"
EndProject
Global
	GlobalSection(SolutionConfigurationPlatforms) = preSolution
		Debug|Win32 = Debug|Win32
		Release|Win32 = Release|Win32
	EndGlobalSection
	GlobalSection(ProjectConfigurationPlatforms) = postSolution
		{6D2608A6-3EBE-4243-8281-B5936F6D9704}.Debug|Win32.ActiveCfg = Debug|Win32
		{6D2608A6-3EBE-4243-8281-B5936F6D9704}.Debug|Win32.Build.0 = Debug|Win32
		{6D2608A6-3EBE-4243-8281-B5936F6D9704}.Release|Win32.ActiveCfg = Release|Win32
		{6D2608A6-3EBE-4243-8281-B5936F6D9704}.Release|Win32.Build.0 = Release|Win32
		{AEBE954D-0E5A-4ECC-BBB7-C8CD94A3408B}.Debug|Win32.ActiveCfg = Debug|Win32
		{AEBE954D-0E5A-4ECC-BBB7-C8CD94A3408B}.Debug|Win32.Build.0 = Debug|Win32
		{AEBE954D-0E5A-4ECC-BBB7-C8CD94A3408B}.Release|Win32.ActiveCfg = Release|Win32
		{AEBE954D-0E5A-4ECC-BBB7-C8CD94A3408B}.Release|Win32.Build.0 = Release|Win32
	EndGlobalSection
	GlobalSection(SolutionProperties) = preSolution
		HideSolutionNode = FALSE
	EndGlobalSection
EndGlobal
