
Microsoft Visual Studio Solution File, Format Version 11.00
# Visual Studio 2010
Project("{FAE04EC0-301F-11D3-BF4B-00C04F79EFBC}") = "StockDataChooser", "StockDataChooser.csproj", "{50195174-F757-4FF4-8C8A-F64A65BB2F00}"
EndProject
Project("{FAE04EC0-301F-11D3-BF4B-00C04F79EFBC}") = "LDAInputConverter", "..\LDAInputConverter\LDAInputConverter.csproj", "{22B18C8D-2FD0-4DA8-8903-D34F687069D0}"
EndProject
Project("{FAE04EC0-301F-11D3-BF4B-00C04F79EFBC}") = "tfidf", "..\tfidf\tfidf.csproj", "{9E57B0E9-E5ED-4FB8-919E-75B3A7F06E4E}"
EndProject
Project("{8BC9CEB8-8B4A-11D0-8D11-00A0C91BC942}") = "topics", "..\lda\topics\topics.vcxproj", "{AEBE954D-0E5A-4ECC-BBB7-C8CD94A3408B}"
EndProject
Project("{FAE04EC0-301F-11D3-BF4B-00C04F79EFBC}") = "CsScript", "..\CsScript\CsScript.csproj", "{83034319-9F41-43C8-822E-3F5D9AE27D4C}"
EndProject
Project("{FAE04EC0-301F-11D3-BF4B-00C04F79EFBC}") = "WordSegment", "..\WordSegment\DemoPG\WordSegment.csproj", "{6B5AB614-25F9-4628-9F4C-594C3B2F4049}"
EndProject
Global
	GlobalSection(SolutionConfigurationPlatforms) = preSolution
		Debug|Any CPU = Debug|Any CPU
		Debug|Mixed Platforms = Debug|Mixed Platforms
		Debug|Win32 = Debug|Win32
		Debug|x86 = Debug|x86
		Release|Any CPU = Release|Any CPU
		Release|Mixed Platforms = Release|Mixed Platforms
		Release|Win32 = Release|Win32
		Release|x86 = Release|x86
	EndGlobalSection
	GlobalSection(ProjectConfigurationPlatforms) = postSolution
		{50195174-F757-4FF4-8C8A-F64A65BB2F00}.Debug|Any CPU.ActiveCfg = Debug|x86
		{50195174-F757-4FF4-8C8A-F64A65BB2F00}.Debug|Mixed Platforms.ActiveCfg = Debug|x86
		{50195174-F757-4FF4-8C8A-F64A65BB2F00}.Debug|Mixed Platforms.Build.0 = Debug|x86
		{50195174-F757-4FF4-8C8A-F64A65BB2F00}.Debug|Win32.ActiveCfg = Debug|x86
		{50195174-F757-4FF4-8C8A-F64A65BB2F00}.Debug|x86.ActiveCfg = Debug|x86
		{50195174-F757-4FF4-8C8A-F64A65BB2F00}.Debug|x86.Build.0 = Debug|x86
		{50195174-F757-4FF4-8C8A-F64A65BB2F00}.Release|Any CPU.ActiveCfg = Release|x86
		{50195174-F757-4FF4-8C8A-F64A65BB2F00}.Release|Mixed Platforms.ActiveCfg = Release|x86
		{50195174-F757-4FF4-8C8A-F64A65BB2F00}.Release|Mixed Platforms.Build.0 = Release|x86
		{50195174-F757-4FF4-8C8A-F64A65BB2F00}.Release|Win32.ActiveCfg = Release|x86
		{50195174-F757-4FF4-8C8A-F64A65BB2F00}.Release|x86.ActiveCfg = Release|x86
		{50195174-F757-4FF4-8C8A-F64A65BB2F00}.Release|x86.Build.0 = Release|x86
		{22B18C8D-2FD0-4DA8-8903-D34F687069D0}.Debug|Any CPU.ActiveCfg = Debug|x86
		{22B18C8D-2FD0-4DA8-8903-D34F687069D0}.Debug|Mixed Platforms.ActiveCfg = Debug|x86
		{22B18C8D-2FD0-4DA8-8903-D34F687069D0}.Debug|Mixed Platforms.Build.0 = Debug|x86
		{22B18C8D-2FD0-4DA8-8903-D34F687069D0}.Debug|Win32.ActiveCfg = Debug|x86
		{22B18C8D-2FD0-4DA8-8903-D34F687069D0}.Debug|x86.ActiveCfg = Debug|x86
		{22B18C8D-2FD0-4DA8-8903-D34F687069D0}.Debug|x86.Build.0 = Debug|x86
		{22B18C8D-2FD0-4DA8-8903-D34F687069D0}.Release|Any CPU.ActiveCfg = Release|x86
		{22B18C8D-2FD0-4DA8-8903-D34F687069D0}.Release|Mixed Platforms.ActiveCfg = Release|x86
		{22B18C8D-2FD0-4DA8-8903-D34F687069D0}.Release|Mixed Platforms.Build.0 = Release|x86
		{22B18C8D-2FD0-4DA8-8903-D34F687069D0}.Release|Win32.ActiveCfg = Release|x86
		{22B18C8D-2FD0-4DA8-8903-D34F687069D0}.Release|x86.ActiveCfg = Release|x86
		{22B18C8D-2FD0-4DA8-8903-D34F687069D0}.Release|x86.Build.0 = Release|x86
		{9E57B0E9-E5ED-4FB8-919E-75B3A7F06E4E}.Debug|Any CPU.ActiveCfg = Debug|x86
		{9E57B0E9-E5ED-4FB8-919E-75B3A7F06E4E}.Debug|Mixed Platforms.ActiveCfg = Debug|x86
		{9E57B0E9-E5ED-4FB8-919E-75B3A7F06E4E}.Debug|Mixed Platforms.Build.0 = Debug|x86
		{9E57B0E9-E5ED-4FB8-919E-75B3A7F06E4E}.Debug|Win32.ActiveCfg = Debug|x86
		{9E57B0E9-E5ED-4FB8-919E-75B3A7F06E4E}.Debug|x86.ActiveCfg = Debug|x86
		{9E57B0E9-E5ED-4FB8-919E-75B3A7F06E4E}.Debug|x86.Build.0 = Debug|x86
		{9E57B0E9-E5ED-4FB8-919E-75B3A7F06E4E}.Release|Any CPU.ActiveCfg = Release|x86
		{9E57B0E9-E5ED-4FB8-919E-75B3A7F06E4E}.Release|Mixed Platforms.ActiveCfg = Release|x86
		{9E57B0E9-E5ED-4FB8-919E-75B3A7F06E4E}.Release|Mixed Platforms.Build.0 = Release|x86
		{9E57B0E9-E5ED-4FB8-919E-75B3A7F06E4E}.Release|Win32.ActiveCfg = Release|x86
		{9E57B0E9-E5ED-4FB8-919E-75B3A7F06E4E}.Release|x86.ActiveCfg = Release|x86
		{9E57B0E9-E5ED-4FB8-919E-75B3A7F06E4E}.Release|x86.Build.0 = Release|x86
		{AEBE954D-0E5A-4ECC-BBB7-C8CD94A3408B}.Debug|Any CPU.ActiveCfg = Debug|Win32
		{AEBE954D-0E5A-4ECC-BBB7-C8CD94A3408B}.Debug|Mixed Platforms.ActiveCfg = Debug|Win32
		{AEBE954D-0E5A-4ECC-BBB7-C8CD94A3408B}.Debug|Mixed Platforms.Build.0 = Debug|Win32
		{AEBE954D-0E5A-4ECC-BBB7-C8CD94A3408B}.Debug|Win32.ActiveCfg = Debug|Win32
		{AEBE954D-0E5A-4ECC-BBB7-C8CD94A3408B}.Debug|Win32.Build.0 = Debug|Win32
		{AEBE954D-0E5A-4ECC-BBB7-C8CD94A3408B}.Debug|x86.ActiveCfg = Debug|Win32
		{AEBE954D-0E5A-4ECC-BBB7-C8CD94A3408B}.Release|Any CPU.ActiveCfg = Release|Win32
		{AEBE954D-0E5A-4ECC-BBB7-C8CD94A3408B}.Release|Mixed Platforms.ActiveCfg = Release|Win32
		{AEBE954D-0E5A-4ECC-BBB7-C8CD94A3408B}.Release|Mixed Platforms.Build.0 = Release|Win32
		{AEBE954D-0E5A-4ECC-BBB7-C8CD94A3408B}.Release|Win32.ActiveCfg = Release|Win32
		{AEBE954D-0E5A-4ECC-BBB7-C8CD94A3408B}.Release|Win32.Build.0 = Release|Win32
		{AEBE954D-0E5A-4ECC-BBB7-C8CD94A3408B}.Release|x86.ActiveCfg = Release|Win32
		{83034319-9F41-43C8-822E-3F5D9AE27D4C}.Debug|Any CPU.ActiveCfg = Debug|x86
		{83034319-9F41-43C8-822E-3F5D9AE27D4C}.Debug|Mixed Platforms.ActiveCfg = Debug|x86
		{83034319-9F41-43C8-822E-3F5D9AE27D4C}.Debug|Mixed Platforms.Build.0 = Debug|x86
		{83034319-9F41-43C8-822E-3F5D9AE27D4C}.Debug|Win32.ActiveCfg = Debug|x86
		{83034319-9F41-43C8-822E-3F5D9AE27D4C}.Debug|x86.ActiveCfg = Debug|x86
		{83034319-9F41-43C8-822E-3F5D9AE27D4C}.Debug|x86.Build.0 = Debug|x86
		{83034319-9F41-43C8-822E-3F5D9AE27D4C}.Release|Any CPU.ActiveCfg = Release|x86
		{83034319-9F41-43C8-822E-3F5D9AE27D4C}.Release|Mixed Platforms.ActiveCfg = Release|x86
		{83034319-9F41-43C8-822E-3F5D9AE27D4C}.Release|Mixed Platforms.Build.0 = Release|x86
		{83034319-9F41-43C8-822E-3F5D9AE27D4C}.Release|Win32.ActiveCfg = Release|x86
		{83034319-9F41-43C8-822E-3F5D9AE27D4C}.Release|x86.ActiveCfg = Release|x86
		{83034319-9F41-43C8-822E-3F5D9AE27D4C}.Release|x86.Build.0 = Release|x86
		{6B5AB614-25F9-4628-9F4C-594C3B2F4049}.Debug|Any CPU.ActiveCfg = Debug|Any CPU
		{6B5AB614-25F9-4628-9F4C-594C3B2F4049}.Debug|Any CPU.Build.0 = Debug|Any CPU
		{6B5AB614-25F9-4628-9F4C-594C3B2F4049}.Debug|Mixed Platforms.ActiveCfg = Debug|Any CPU
		{6B5AB614-25F9-4628-9F4C-594C3B2F4049}.Debug|Mixed Platforms.Build.0 = Debug|Any CPU
		{6B5AB614-25F9-4628-9F4C-594C3B2F4049}.Debug|Win32.ActiveCfg = Debug|Any CPU
		{6B5AB614-25F9-4628-9F4C-594C3B2F4049}.Debug|x86.ActiveCfg = Debug|Any CPU
		{6B5AB614-25F9-4628-9F4C-594C3B2F4049}.Release|Any CPU.ActiveCfg = Release|Any CPU
		{6B5AB614-25F9-4628-9F4C-594C3B2F4049}.Release|Any CPU.Build.0 = Release|Any CPU
		{6B5AB614-25F9-4628-9F4C-594C3B2F4049}.Release|Mixed Platforms.ActiveCfg = Release|Any CPU
		{6B5AB614-25F9-4628-9F4C-594C3B2F4049}.Release|Mixed Platforms.Build.0 = Release|Any CPU
		{6B5AB614-25F9-4628-9F4C-594C3B2F4049}.Release|Win32.ActiveCfg = Release|Any CPU
		{6B5AB614-25F9-4628-9F4C-594C3B2F4049}.Release|x86.ActiveCfg = Release|Any CPU
	EndGlobalSection
	GlobalSection(SolutionProperties) = preSolution
		HideSolutionNode = FALSE
	EndGlobalSection
EndGlobal
